
Microsoft Visual Studio Solution File, Format Version 12.00
# Visual Studio 15
Project("{FAE04EC0-301F-11D3-BF4B-00C04F79EFBC}") = "Whack_A_Ma", "Assembly-CSharp-firstpass.csproj", "{6B7EE979-39DA-41E8-39B2-4DF8A7D0563C}"
EndProject
Project("{FAE04EC0-301F-11D3-BF4B-00C04F79EFBC}") = "Whack_A_Ma", "Assembly-CSharp.csproj", "{7B79BAD9-A4DC-609F-70D9-01DCE2379F8F}"
EndProject
Project("{FAE04EC0-301F-11D3-BF4B-00C04F79EFBC}") = "Whack_A_Ma", "Assembly-CSharp-Editor-firstpass.csproj", "{9E143D58-D695-359D-5BEE-26A0A68F31FE}"
EndProject
Global
	GlobalSection(SolutionConfigurationPlatforms) = preSolution
		Debug|Any CPU = Debug|Any CPU
		Release|Any CPU = Release|Any CPU
	EndGlobalSection
	GlobalSection(ProjectConfigurationPlatforms) = postSolution
		{6B7EE979-39DA-41E8-39B2-4DF8A7D0563C}.Debug|Any CPU.ActiveCfg = Debug|Any CPU
		{6B7EE979-39DA-41E8-39B2-4DF8A7D0563C}.Debug|Any CPU.Build.0 = Debug|Any CPU
		{6B7EE979-39DA-41E8-39B2-4DF8A7D0563C}.Release|Any CPU.ActiveCfg = Release|Any CPU
		{6B7EE979-39DA-41E8-39B2-4DF8A7D0563C}.Release|Any CPU.Build.0 = Release|Any CPU
		{7B79BAD9-A4DC-609F-70D9-01DCE2379F8F}.Debug|Any CPU.ActiveCfg = Debug|Any CPU
		{7B79BAD9-A4DC-609F-70D9-01DCE2379F8F}.Debug|Any CPU.Build.0 = Debug|Any CPU
		{7B79BAD9-A4DC-609F-70D9-01DCE2379F8F}.Release|Any CPU.ActiveCfg = Release|Any CPU
		{7B79BAD9-A4DC-609F-70D9-01DCE2379F8F}.Release|Any CPU.Build.0 = Release|Any CPU
		{9E143D58-D695-359D-5BEE-26A0A68F31FE}.Debug|Any CPU.ActiveCfg = Debug|Any CPU
		{9E143D58-D695-359D-5BEE-26A0A68F31FE}.Debug|Any CPU.Build.0 = Debug|Any CPU
		{9E143D58-D695-359D-5BEE-26A0A68F31FE}.Release|Any CPU.ActiveCfg = Release|Any CPU
		{9E143D58-D695-359D-5BEE-26A0A68F31FE}.Release|Any CPU.Build.0 = Release|Any CPU
	EndGlobalSection
	GlobalSection(SolutionProperties) = preSolution
		HideSolutionNode = FALSE
	EndGlobalSection
EndGlobal
